
Microsoft Visual Studio Solution File, Format Version 12.00
# Visual Studio Version 17
VisualStudioVersion = 17.0.32112.339
MinimumVisualStudioVersion = 10.0.40219.1
Project("{FAE04EC0-301F-11D3-BF4B-00C04F79EFBC}") = "ConsoleApp3", "ConsoleApp3\ConsoleApp3.csproj", "{ADF9722D-DA81-42D2-9F0D-678CF49E483B}"
EndProject
Global
	GlobalSection(SolutionConfigurationPlatforms) = preSolution
		Debug|Any CPU = Debug|Any CPU
		Release|Any CPU = Release|Any CPU
	EndGlobalSection
	GlobalSection(ProjectConfigurationPlatforms) = postSolution
		{ADF9722D-DA81-42D2-9F0D-678CF49E483B}.Debug|Any CPU.ActiveCfg = Debug|Any CPU
		{ADF9722D-DA81-42D2-9F0D-678CF49E483B}.Debug|Any CPU.Build.0 = Debug|Any CPU
		{ADF9722D-DA81-42D2-9F0D-678CF49E483B}.Release|Any CPU.ActiveCfg = Release|Any CPU
		{ADF9722D-DA81-42D2-9F0D-678CF49E483B}.Release|Any CPU.Build.0 = Release|Any CPU
	EndGlobalSection
	GlobalSection(SolutionProperties) = preSolution
		HideSolutionNode = FALSE
	EndGlobalSection
	GlobalSection(ExtensibilityGlobals) = postSolution
		SolutionGuid = {8FB2D934-41DB-40B9-88DF-144603769933}
	EndGlobalSection
EndGlobal
